// !$*UTF8*$!
{
	archiveVersion = 1;
	classes = {
	};
	objectVersion = 50;
	objects = {

/* Begin PBXBuildFile section */
		C332422A25DB0D9100D5F3FD /* Текст.md in Resources */ = {isa = PBXBuildFile; fileRef = C332422925DB0D9100D5F3FD /* Текст.md */; };
		C332423125DB20E500D5F3FD /* HabitViewController.swift in Sources */ = {isa = PBXBuildFile; fileRef = C332423025DB20E500D5F3FD /* HabitViewController.swift */; };
		C332423525DC6B4C00D5F3FD /* UIView+DisableAutoresizingMask.swift in Sources */ = {isa = PBXBuildFile; fileRef = C332423425DC6B4C00D5F3FD /* UIView+DisableAutoresizingMask.swift */; };
		C332423C25DDB0CE00D5F3FD /* UILabel + Fonts.swift in Sources */ = {isa = PBXBuildFile; fileRef = C332423B25DDB0CE00D5F3FD /* UILabel + Fonts.swift */; };
		C332423F25DEFD0500D5F3FD /* UIColor + CustomColors.swift in Sources */ = {isa = PBXBuildFile; fileRef = C332423E25DEFD0500D5F3FD /* UIColor + CustomColors.swift */; };
		C332424525E058D200D5F3FD /* HabitCollectionViewCell.swift in Sources */ = {isa = PBXBuildFile; fileRef = C332424425E058D200D5F3FD /* HabitCollectionViewCell.swift */; };
		C332424825E05EBE00D5F3FD /* ProgressCollectionViewCell.swift in Sources */ = {isa = PBXBuildFile; fileRef = C332424725E05EBE00D5F3FD /* ProgressCollectionViewCell.swift */; };
		C332424F25E8326000D5F3FD /* HabitDetailsViewController.swift in Sources */ = {isa = PBXBuildFile; fileRef = C332424E25E8326000D5F3FD /* HabitDetailsViewController.swift */; };
		C33F850025D8950500EE4441 /* AppDelegate.swift in Sources */ = {isa = PBXBuildFile; fileRef = C33F84FF25D8950500EE4441 /* AppDelegate.swift */; };
		C33F850225D8950500EE4441 /* SceneDelegate.swift in Sources */ = {isa = PBXBuildFile; fileRef = C33F850125D8950500EE4441 /* SceneDelegate.swift */; };
		C33F850725D8950500EE4441 /* Main.storyboard in Resources */ = {isa = PBXBuildFile; fileRef = C33F850525D8950500EE4441 /* Main.storyboard */; };
		C33F850925D8950800EE4441 /* Assets.xcassets in Resources */ = {isa = PBXBuildFile; fileRef = C33F850825D8950800EE4441 /* Assets.xcassets */; };
		C33F850C25D8950800EE4441 /* LaunchScreen.storyboard in Resources */ = {isa = PBXBuildFile; fileRef = C33F850A25D8950800EE4441 /* LaunchScreen.storyboard */; };
		C33F851525D8982F00EE4441 /* HabitsStore.swift in Sources */ = {isa = PBXBuildFile; fileRef = C33F851425D8982E00EE4441 /* HabitsStore.swift */; };
		C3AEBFD225DB0700000E3443 /* HabitsViewController.swift in Sources */ = {isa = PBXBuildFile; fileRef = C3AEBFD125DB0700000E3443 /* HabitsViewController.swift */; };
		C3AEBFD625DB0716000E3443 /* InfoViewController.swift in Sources */ = {isa = PBXBuildFile; fileRef = C3AEBFD525DB0716000E3443 /* InfoViewController.swift */; };
/* End PBXBuildFile section */

/* Begin PBXFileReference section */
		C332422925DB0D9100D5F3FD /* Текст.md */ = {isa = PBXFileReference; fileEncoding = 4; lastKnownFileType = net.daringfireball.markdown; path = "Текст.md"; sourceTree = "<group>"; };
		C332423025DB20E500D5F3FD /* HabitViewController.swift */ = {isa = PBXFileReference; lastKnownFileType = sourcecode.swift; path = HabitViewController.swift; sourceTree = "<group>"; };
		C332423425DC6B4C00D5F3FD /* UIView+DisableAutoresizingMask.swift */ = {isa = PBXFileReference; lastKnownFileType = sourcecode.swift; path = "UIView+DisableAutoresizingMask.swift"; sourceTree = "<group>"; };
		C332423B25DDB0CE00D5F3FD /* UILabel + Fonts.swift */ = {isa = PBXFileReference; lastKnownFileType = sourcecode.swift; path = "UILabel + Fonts.swift"; sourceTree = "<group>"; };
		C332423E25DEFD0500D5F3FD /* UIColor + CustomColors.swift */ = {isa = PBXFileReference; lastKnownFileType = sourcecode.swift; path = "UIColor + CustomColors.swift"; sourceTree = "<group>"; };
		C332424425E058D200D5F3FD /* HabitCollectionViewCell.swift */ = {isa = PBXFileReference; lastKnownFileType = sourcecode.swift; path = HabitCollectionViewCell.swift; sourceTree = "<group>"; };
		C332424725E05EBE00D5F3FD /* ProgressCollectionViewCell.swift */ = {isa = PBXFileReference; lastKnownFileType = sourcecode.swift; path = ProgressCollectionViewCell.swift; sourceTree = "<group>"; };
		C332424E25E8326000D5F3FD /* HabitDetailsViewController.swift */ = {isa = PBXFileReference; lastKnownFileType = sourcecode.swift; path = HabitDetailsViewController.swift; sourceTree = "<group>"; };
		C33F84FC25D8950500EE4441 /* MyHabits.app */ = {isa = PBXFileReference; explicitFileType = wrapper.application; includeInIndex = 0; path = MyHabits.app; sourceTree = BUILT_PRODUCTS_DIR; };
		C33F84FF25D8950500EE4441 /* AppDelegate.swift */ = {isa = PBXFileReference; lastKnownFileType = sourcecode.swift; path = AppDelegate.swift; sourceTree = "<group>"; };
		C33F850125D8950500EE4441 /* SceneDelegate.swift */ = {isa = PBXFileReference; lastKnownFileType = sourcecode.swift; path = SceneDelegate.swift; sourceTree = "<group>"; };
		C33F850625D8950500EE4441 /* Base */ = {isa = PBXFileReference; lastKnownFileType = file.storyboard; name = Base; path = Base.lproj/Main.storyboard; sourceTree = "<group>"; };
		C33F850825D8950800EE4441 /* Assets.xcassets */ = {isa = PBXFileReference; lastKnownFileType = folder.assetcatalog; path = Assets.xcassets; sourceTree = "<group>"; };
		C33F850B25D8950800EE4441 /* Base */ = {isa = PBXFileReference; lastKnownFileType = file.storyboard; name = Base; path = Base.lproj/LaunchScreen.storyboard; sourceTree = "<group>"; };
		C33F850D25D8950800EE4441 /* Info.plist */ = {isa = PBXFileReference; lastKnownFileType = text.plist.xml; path = Info.plist; sourceTree = "<group>"; };
		C33F851425D8982E00EE4441 /* HabitsStore.swift */ = {isa = PBXFileReference; fileEncoding = 4; lastKnownFileType = sourcecode.swift; path = HabitsStore.swift; sourceTree = "<group>"; };
		C3AEBFD125DB0700000E3443 /* HabitsViewController.swift */ = {isa = PBXFileReference; lastKnownFileType = sourcecode.swift; path = HabitsViewController.swift; sourceTree = "<group>"; };
		C3AEBFD525DB0716000E3443 /* InfoViewController.swift */ = {isa = PBXFileReference; lastKnownFileType = sourcecode.swift; path = InfoViewController.swift; sourceTree = "<group>"; };
/* End PBXFileReference section */

/* Begin PBXFrameworksBuildPhase section */
		C33F84F925D8950500EE4441 /* Frameworks */ = {
			isa = PBXFrameworksBuildPhase;
			buildActionMask = 2147483647;
			files = (
			);
			runOnlyForDeploymentPostprocessing = 0;
		};
/* End PBXFrameworksBuildPhase section */

/* Begin PBXGroup section */
		C332422F25DB207600D5F3FD /* Data */ = {
			isa = PBXGroup;
			children = (
				C332422925DB0D9100D5F3FD /* Текст.md */,
				C33F851425D8982E00EE4441 /* HabitsStore.swift */,
			);
			path = Data;
			sourceTree = "<group>";
		};
		C332423725DC6C7F00D5F3FD /* Extensions */ = {
			isa = PBXGroup;
			children = (
				C332423425DC6B4C00D5F3FD /* UIView+DisableAutoresizingMask.swift */,
				C332423B25DDB0CE00D5F3FD /* UILabel + Fonts.swift */,
				C332423E25DEFD0500D5F3FD /* UIColor + CustomColors.swift */,
			);
			path = Extensions;
			sourceTree = "<group>";
		};
		C332424A25E06A1E00D5F3FD /* View */ = {
			isa = PBXGroup;
			children = (
				C332424425E058D200D5F3FD /* HabitCollectionViewCell.swift */,
				C332424725E05EBE00D5F3FD /* ProgressCollectionViewCell.swift */,
			);
			path = View;
			sourceTree = "<group>";
		};
		C33F84F325D8950500EE4441 = {
			isa = PBXGroup;
			children = (
				C33F84FE25D8950500EE4441 /* MyHabits */,
				C33F84FD25D8950500EE4441 /* Products */,
			);
			sourceTree = "<group>";
		};
		C33F84FD25D8950500EE4441 /* Products */ = {
			isa = PBXGroup;
			children = (
				C33F84FC25D8950500EE4441 /* MyHabits.app */,
			);
			name = Products;
			sourceTree = "<group>";
		};
		C33F84FE25D8950500EE4441 /* MyHabits */ = {
			isa = PBXGroup;
			children = (
				C332424A25E06A1E00D5F3FD /* View */,
				C332423725DC6C7F00D5F3FD /* Extensions */,
				C332422F25DB207600D5F3FD /* Data */,
				C3AEBFD825DB0924000E3443 /* Controller */,
				C33F84FF25D8950500EE4441 /* AppDelegate.swift */,
				C33F850125D8950500EE4441 /* SceneDelegate.swift */,
				C33F850525D8950500EE4441 /* Main.storyboard */,
				C33F850825D8950800EE4441 /* Assets.xcassets */,
				C33F850A25D8950800EE4441 /* LaunchScreen.storyboard */,
				C33F850D25D8950800EE4441 /* Info.plist */,
			);
			path = MyHabits;
			sourceTree = "<group>";
		};
		C3AEBFD825DB0924000E3443 /* Controller */ = {
			isa = PBXGroup;
			children = (
				C3AEBFD125DB0700000E3443 /* HabitsViewController.swift */,
				C3AEBFD525DB0716000E3443 /* InfoViewController.swift */,
				C332423025DB20E500D5F3FD /* HabitViewController.swift */,
				C332424E25E8326000D5F3FD /* HabitDetailsViewController.swift */,
			);
			path = Controller;
			sourceTree = "<group>";
		};
/* End PBXGroup section */

/* Begin PBXNativeTarget section */
		C33F84FB25D8950500EE4441 /* MyHabits */ = {
			isa = PBXNativeTarget;
			buildConfigurationList = C33F851025D8950800EE4441 /* Build configuration list for PBXNativeTarget "MyHabits" */;
			buildPhases = (
				C33F84F825D8950500EE4441 /* Sources */,
				C33F84F925D8950500EE4441 /* Frameworks */,
				C33F84FA25D8950500EE4441 /* Resources */,
			);
			buildRules = (
			);
			dependencies = (
			);
			name = MyHabits;
			productName = MyHabits;
			productReference = C33F84FC25D8950500EE4441 /* MyHabits.app */;
			productType = "com.apple.product-type.application";
		};
/* End PBXNativeTarget section */

/* Begin PBXProject section */
		C33F84F425D8950500EE4441 /* Project object */ = {
			isa = PBXProject;
			attributes = {
				LastSwiftUpdateCheck = 1230;
				LastUpgradeCheck = 1230;
				TargetAttributes = {
					C33F84FB25D8950500EE4441 = {
						CreatedOnToolsVersion = 12.3;
					};
				};
			};
			buildConfigurationList = C33F84F725D8950500EE4441 /* Build configuration list for PBXProject "MyHabits" */;
			compatibilityVersion = "Xcode 9.3";
			developmentRegion = en;
			hasScannedForEncodings = 0;
			knownRegions = (
				en,
				Base,
			);
			mainGroup = C33F84F325D8950500EE4441;
			productRefGroup = C33F84FD25D8950500EE4441 /* Products */;
			projectDirPath = "";
			projectRoot = "";
			targets = (
				C33F84FB25D8950500EE4441 /* MyHabits */,
			);
		};
/* End PBXProject section */

/* Begin PBXResourcesBuildPhase section */
		C33F84FA25D8950500EE4441 /* Resources */ = {
			isa = PBXResourcesBuildPhase;
			buildActionMask = 2147483647;
			files = (
				C33F850C25D8950800EE4441 /* LaunchScreen.storyboard in Resources */,
				C33F850925D8950800EE4441 /* Assets.xcassets in Resources */,
				C33F850725D8950500EE4441 /* Main.storyboard in Resources */,
				C332422A25DB0D9100D5F3FD /* Текст.md in Resources */,
			);
			runOnlyForDeploymentPostprocessing = 0;
		};
/* End PBXResourcesBuildPhase section */

/* Begin PBXSourcesBuildPhase section */
		C33F84F825D8950500EE4441 /* Sources */ = {
			isa = PBXSourcesBuildPhase;
			buildActionMask = 2147483647;
			files = (
				C33F851525D8982F00EE4441 /* HabitsStore.swift in Sources */,
				C332423125DB20E500D5F3FD /* HabitViewController.swift in Sources */,
				C33F850025D8950500EE4441 /* AppDelegate.swift in Sources */,
				C332423C25DDB0CE00D5F3FD /* UILabel + Fonts.swift in Sources */,
				C332424F25E8326000D5F3FD /* HabitDetailsViewController.swift in Sources */,
				C332423F25DEFD0500D5F3FD /* UIColor + CustomColors.swift in Sources */,
				C332424825E05EBE00D5F3FD /* ProgressCollectionViewCell.swift in Sources */,
				C33F850225D8950500EE4441 /* SceneDelegate.swift in Sources */,
				C332423525DC6B4C00D5F3FD /* UIView+DisableAutoresizingMask.swift in Sources */,
				C3AEBFD225DB0700000E3443 /* HabitsViewController.swift in Sources */,
				C3AEBFD625DB0716000E3443 /* InfoViewController.swift in Sources */,
				C332424525E058D200D5F3FD /* HabitCollectionViewCell.swift in Sources */,
			);
			runOnlyForDeploymentPostprocessing = 0;
		};
/* End PBXSourcesBuildPhase section */

/* Begin PBXVariantGroup section */
		C33F850525D8950500EE4441 /* Main.storyboard */ = {
			isa = PBXVariantGroup;
			children = (
				C33F850625D8950500EE4441 /* Base */,
			);
			name = Main.storyboard;
			sourceTree = "<group>";
		};
		C33F850A25D8950800EE4441 /* LaunchScreen.storyboard */ = {
			isa = PBXVariantGroup;
			children = (
				C33F850B25D8950800EE4441 /* Base */,
			);
			name = LaunchScreen.storyboard;
			sourceTree = "<group>";
		};
/* End PBXVariantGroup section */

/* Begin XCBuildConfiguration section */
		C33F850E25D8950800EE4441 /* Debug */ = {
			isa = XCBuildConfiguration;
			buildSettings = {
				ALWAYS_SEARCH_USER_PATHS = NO;
				CLANG_ANALYZER_NONNULL = YES;
				CLANG_ANALYZER_NUMBER_OBJECT_CONVERSION = YES_AGGRESSIVE;
				CLANG_CXX_LANGUAGE_STANDARD = "gnu++14";
				CLANG_CXX_LIBRARY = "libc++";
				CLANG_ENABLE_MODULES = YES;
				CLANG_ENABLE_OBJC_ARC = YES;
				CLANG_ENABLE_OBJC_WEAK = YES;
				CLANG_WARN_BLOCK_CAPTURE_AUTORELEASING = YES;
				CLANG_WARN_BOOL_CONVERSION = YES;
				CLANG_WARN_COMMA = YES;
				CLANG_WARN_CONSTANT_CONVERSION = YES;
				CLANG_WARN_DEPRECATED_OBJC_IMPLEMENTATIONS = YES;
				CLANG_WARN_DIRECT_OBJC_ISA_USAGE = YES_ERROR;
				CLANG_WARN_DOCUMENTATION_COMMENTS = YES;
				CLANG_WARN_EMPTY_BODY = YES;
				CLANG_WARN_ENUM_CONVERSION = YES;
				CLANG_WARN_INFINITE_RECURSION = YES;
				CLANG_WARN_INT_CONVERSION = YES;
				CLANG_WARN_NON_LITERAL_NULL_CONVERSION = YES;
				CLANG_WARN_OBJC_IMPLICIT_RETAIN_SELF = YES;
				CLANG_WARN_OBJC_LITERAL_CONVERSION = YES;
				CLANG_WARN_OBJC_ROOT_CLASS = YES_ERROR;
				CLANG_WARN_QUOTED_INCLUDE_IN_FRAMEWORK_HEADER = YES;
				CLANG_WARN_RANGE_LOOP_ANALYSIS = YES;
				CLANG_WARN_STRICT_PROTOTYPES = YES;
				CLANG_WARN_SUSPICIOUS_MOVE = YES;
				CLANG_WARN_UNGUARDED_AVAILABILITY = YES_AGGRESSIVE;
				CLANG_WARN_UNREACHABLE_CODE = YES;
				CLANG_WARN__DUPLICATE_METHOD_MATCH = YES;
				COPY_PHASE_STRIP = NO;
				DEBUG_INFORMATION_FORMAT = dwarf;
				ENABLE_STRICT_OBJC_MSGSEND = YES;
				ENABLE_TESTABILITY = YES;
				GCC_C_LANGUAGE_STANDARD = gnu11;
				GCC_DYNAMIC_NO_PIC = NO;
				GCC_NO_COMMON_BLOCKS = YES;
				GCC_OPTIMIZATION_LEVEL = 0;
				GCC_PREPROCESSOR_DEFINITIONS = (
					"DEBUG=1",
					"$(inherited)",
				);
				GCC_WARN_64_TO_32_BIT_CONVERSION = YES;
				GCC_WARN_ABOUT_RETURN_TYPE = YES_ERROR;
				GCC_WARN_UNDECLARED_SELECTOR = YES;
				GCC_WARN_UNINITIALIZED_AUTOS = YES_AGGRESSIVE;
				GCC_WARN_UNUSED_FUNCTION = YES;
				GCC_WARN_UNUSED_VARIABLE = YES;
				IPHONEOS_DEPLOYMENT_TARGET = 14.3;
				MTL_ENABLE_DEBUG_INFO = INCLUDE_SOURCE;
				MTL_FAST_MATH = YES;
				ONLY_ACTIVE_ARCH = YES;
				SDKROOT = iphoneos;
				SWIFT_ACTIVE_COMPILATION_CONDITIONS = DEBUG;
				SWIFT_OPTIMIZATION_LEVEL = "-Onone";
			};
			name = Debug;
		};
		C33F850F25D8950800EE4441 /* Release */ = {
			isa = XCBuildConfiguration;
			buildSettings = {
				ALWAYS_SEARCH_USER_PATHS = NO;
				CLANG_ANALYZER_NONNULL = YES;
				CLANG_ANALYZER_NUMBER_OBJECT_CONVERSION = YES_AGGRESSIVE;
				CLANG_CXX_LANGUAGE_STANDARD = "gnu++14";
				CLANG_CXX_LIBRARY = "libc++";
				CLANG_ENABLE_MODULES = YES;
				CLANG_ENABLE_OBJC_ARC = YES;
				CLANG_ENABLE_OBJC_WEAK = YES;
				CLANG_WARN_BLOCK_CAPTURE_AUTORELEASING = YES;
				CLANG_WARN_BOOL_CONVERSION = YES;
				CLANG_WARN_COMMA = YES;
				CLANG_WARN_CONSTANT_CONVERSION = YES;
				CLANG_WARN_DEPRECATED_OBJC_IMPLEMENTATIONS = YES;
				CLANG_WARN_DIRECT_OBJC_ISA_USAGE = YES_ERROR;
				CLANG_WARN_DOCUMENTATION_COMMENTS = YES;
				CLANG_WARN_EMPTY_BODY = YES;
				CLANG_WARN_ENUM_CONVERSION = YES;
				CLANG_WARN_INFINITE_RECURSION = YES;
				CLANG_WARN_INT_CONVERSION = YES;
				CLANG_WARN_NON_LITERAL_NULL_CONVERSION = YES;
				CLANG_WARN_OBJC_IMPLICIT_RETAIN_SELF = YES;
				CLANG_WARN_OBJC_LITERAL_CONVERSION = YES;
				CLANG_WARN_OBJC_ROOT_CLASS = YES_ERROR;
				CLANG_WARN_QUOTED_INCLUDE_IN_FRAMEWORK_HEADER = YES;
				CLANG_WARN_RANGE_LOOP_ANALYSIS = YES;
				CLANG_WARN_STRICT_PROTOTYPES = YES;
				CLANG_WARN_SUSPICIOUS_MOVE = YES;
				CLANG_WARN_UNGUARDED_AVAILABILITY = YES_AGGRESSIVE;
				CLANG_WARN_UNREACHABLE_CODE = YES;
				CLANG_WARN__DUPLICATE_METHOD_MATCH = YES;
				COPY_PHASE_STRIP = NO;
				DEBUG_INFORMATION_FORMAT = "dwarf-with-dsym";
				ENABLE_NS_ASSERTIONS = NO;
				ENABLE_STRICT_OBJC_MSGSEND = YES;
				GCC_C_LANGUAGE_STANDARD = gnu11;
				GCC_NO_COMMON_BLOCKS = YES;
				GCC_WARN_64_TO_32_BIT_CONVERSION = YES;
				GCC_WARN_ABOUT_RETURN_TYPE = YES_ERROR;
				GCC_WARN_UNDECLARED_SELECTOR = YES;
				GCC_WARN_UNINITIALIZED_AUTOS = YES_AGGRESSIVE;
				GCC_WARN_UNUSED_FUNCTION = YES;
				GCC_WARN_UNUSED_VARIABLE = YES;
				IPHONEOS_DEPLOYMENT_TARGET = 14.3;
				MTL_ENABLE_DEBUG_INFO = NO;
				MTL_FAST_MATH = YES;
				SDKROOT = iphoneos;
				SWIFT_COMPILATION_MODE = wholemodule;
				SWIFT_OPTIMIZATION_LEVEL = "-O";
				VALIDATE_PRODUCT = YES;
			};
			name = Release;
		};
		C33F851125D8950800EE4441 /* Debug */ = {
			isa = XCBuildConfiguration;
			buildSettings = {
				ASSETCATALOG_COMPILER_APPICON_NAME = AppIcon;
				ASSETCATALOG_COMPILER_GLOBAL_ACCENT_COLOR_NAME = AccentColor;
				CODE_SIGN_STYLE = Automatic;
				DEVELOPMENT_TEAM = 887LSKBT5E;
				INFOPLIST_FILE = MyHabits/Info.plist;
				LD_RUNPATH_SEARCH_PATHS = (
					"$(inherited)",
					"@executable_path/Frameworks",
				);
				PRODUCT_BUNDLE_IDENTIFIER = dima.gorbachev.MyHabits;
				PRODUCT_NAME = "$(TARGET_NAME)";
				SWIFT_VERSION = 5.0;
				TARGETED_DEVICE_FAMILY = "1,2";
			};
			name = Debug;
		};
		C33F851225D8950800EE4441 /* Release */ = {
			isa = XCBuildConfiguration;
			buildSettings = {
				ASSETCATALOG_COMPILER_APPICON_NAME = AppIcon;
				ASSETCATALOG_COMPILER_GLOBAL_ACCENT_COLOR_NAME = AccentColor;
				CODE_SIGN_STYLE = Automatic;
				DEVELOPMENT_TEAM = 887LSKBT5E;
				INFOPLIST_FILE = MyHabits/Info.plist;
				LD_RUNPATH_SEARCH_PATHS = (
					"$(inherited)",
					"@executable_path/Frameworks",
				);
				PRODUCT_BUNDLE_IDENTIFIER = dima.gorbachev.MyHabits;
				PRODUCT_NAME = "$(TARGET_NAME)";
				SWIFT_VERSION = 5.0;
				TARGETED_DEVICE_FAMILY = "1,2";
			};
			name = Release;
		};
/* End XCBuildConfiguration section */

/* Begin XCConfigurationList section */
		C33F84F725D8950500EE4441 /* Build configuration list for PBXProject "MyHabits" */ = {
			isa = XCConfigurationList;
			buildConfigurations = (
				C33F850E25D8950800EE4441 /* Debug */,
				C33F850F25D8950800EE4441 /* Release */,
			);
			defaultConfigurationIsVisible = 0;
			defaultConfigurationName = Release;
		};
		C33F851025D8950800EE4441 /* Build configuration list for PBXNativeTarget "MyHabits" */ = {
			isa = XCConfigurationList;
			buildConfigurations = (
				C33F851125D8950800EE4441 /* Debug */,
				C33F851225D8950800EE4441 /* Release */,
			);
			defaultConfigurationIsVisible = 0;
			defaultConfigurationName = Release;
		};
/* End XCConfigurationList section */
	};
	rootObject = C33F84F425D8950500EE4441 /* Project object */;
}
